
Microsoft Visual Studio Solution File, Format Version 12.00
# Visual Studio Version 17
VisualStudioVersion = 17.0.31903.59
MinimumVisualStudioVersion = 10.0.40219.1
Project("{FAE04EC0-301F-11D3-BF4B-00C04F79EFBC}") = "Calc", "Calc\Calc.csproj", "{B131E1F6-1E0E-40E2-836D-29924214D5CF}"
EndProject
Project("{FAE04EC0-301F-11D3-BF4B-00C04F79EFBC}") = "calctest", "CalcTest\calctest.csproj", "{C59B6D94-B904-4E67-83B7-B28CA7B4C33B}"
EndProject
Global
	GlobalSection(SolutionConfigurationPlatforms) = preSolution
		Debug|Any CPU = Debug|Any CPU
		Release|Any CPU = Release|Any CPU
	EndGlobalSection
	GlobalSection(SolutionProperties) = preSolution
		HideSolutionNode = FALSE
	EndGlobalSection
	GlobalSection(ProjectConfigurationPlatforms) = postSolution
		{B131E1F6-1E0E-40E2-836D-29924214D5CF}.Debug|Any CPU.ActiveCfg = Debug|Any CPU
		{B131E1F6-1E0E-40E2-836D-29924214D5CF}.Debug|Any CPU.Build.0 = Debug|Any CPU
		{B131E1F6-1E0E-40E2-836D-29924214D5CF}.Release|Any CPU.ActiveCfg = Release|Any CPU
		{B131E1F6-1E0E-40E2-836D-29924214D5CF}.Release|Any CPU.Build.0 = Release|Any CPU
		{C59B6D94-B904-4E67-83B7-B28CA7B4C33B}.Debug|Any CPU.ActiveCfg = Debug|Any CPU
		{C59B6D94-B904-4E67-83B7-B28CA7B4C33B}.Debug|Any CPU.Build.0 = Debug|Any CPU
		{C59B6D94-B904-4E67-83B7-B28CA7B4C33B}.Release|Any CPU.ActiveCfg = Release|Any CPU
		{C59B6D94-B904-4E67-83B7-B28CA7B4C33B}.Release|Any CPU.Build.0 = Release|Any CPU
	EndGlobalSection
EndGlobal
